{
  "lockfile_version": "1",
  "packages": {
    "aseprite@latest": {
      "last_modified": "2025-05-16T20:19:48Z",
      "resolved": "github:NixOS/nixpkgs/12a55407652e04dcf2309436eb06fef0d3713ef3#aseprite",
      "source": "devbox-search",
      "version": "1.3.7",
      "systems": {
        "aarch64-linux": {
          "outputs": [
            {
              "name": "out",
              "path": "/nix/store/8wg47rz1ljxndyhw40ziip4cwbwzaph6-aseprite-1.3.7",
              "default": true
            }
          ],
          "store_path": "/nix/store/8wg47rz1ljxndyhw40ziip4cwbwzaph6-aseprite-1.3.7"
        },
        "x86_64-linux": {
          "outputs": [
            {
              "name": "out",
              "path": "/nix/store/y17cy5hzng7y4zmvch6zi0ivrsq5llxm-aseprite-1.3.7",
              "default": true
            }
          ],
          "store_path": "/nix/store/y17cy5hzng7y4zmvch6zi0ivrsq5llxm-aseprite-1.3.7"
        }
      }
    },
    "godot_4@latest": {
      "last_modified": "2025-05-12T14:38:58Z",
      "resolved": "github:NixOS/nixpkgs/eaeed9530c76ce5f1d2d8232e08bec5e26f18ec1#godot_4",
      "source": "devbox-search",
      "version": "4.4.1-stable",
      "systems": {
        "aarch64-linux": {
          "outputs": [
            {
              "name": "out",
              "path": "/nix/store/kpfxw4b9fb521lc1r40zx2ad77125j8s-godot-4.4.1-stable",
              "default": true
            },
            {
              "name": "man",
              "path": "/nix/store/jc3r9p303dl7ch94i1akx0jg25ljiv12-godot-4.4.1-stable-man",
              "default": true
            },
            {
              "name": "debug",
              "path": "/nix/store/33jmm743ar7b9k3xxk7z584ip59kik0v-godot-4.4.1-stable-debug"
            }
          ],
          "store_path": "/nix/store/kpfxw4b9fb521lc1r40zx2ad77125j8s-godot-4.4.1-stable"
        },
        "x86_64-linux": {
          "outputs": [
            {
              "name": "out",
              "path": "/nix/store/iixq5lwvbzmllvq04wi015g0v4anp9lj-godot-4.4.1-stable",
              "default": true
            },
            {
              "name": "man",
              "path": "/nix/store/47lyv7fabfjxybjhgdlrv5vzr00pcmkh-godot-4.4.1-stable-man",
              "default": true
            },
            {
              "name": "debug",
              "path": "/nix/store/ml9w0s7ylgk1k115k8359mdr0i87kkni-godot-4.4.1-stable-debug"
            }
          ],
          "store_path": "/nix/store/iixq5lwvbzmllvq04wi015g0v4anp9lj-godot-4.4.1-stable"
        }
      }
    }
  }
}
